// !$*UTF8*$!
{
	archiveVersion = 1;
	classes = {
	};
	objectVersion = 50;
	objects = {

/* Begin PBXBuildFile section */
		4C0ED6A0D2BD593F373DC8F4 /* Pods_PassUITests.framework in Frameworks */ = {isa = PBXBuildFile; fileRef = E186F9187CA7B13C88891672 /* Pods_PassUITests.framework */; };
		52C8D3DD86C1BD84FD67D207 /* Pods_PassTests.framework in Frameworks */ = {isa = PBXBuildFile; fileRef = C363E1322E16E01F3D6FE578 /* Pods_PassTests.framework */; };
		8401F507223DBEC400B897E7 /* PassM.swift in Sources */ = {isa = PBXBuildFile; fileRef = 8401F506223DBEC400B897E7 /* PassM.swift */; };
		8401F50C223DC09000B897E7 /* TextFieldCell.swift in Sources */ = {isa = PBXBuildFile; fileRef = 8401F50B223DC09000B897E7 /* TextFieldCell.swift */; };
		8401F510223DC55600B897E7 /* PassView.swift in Sources */ = {isa = PBXBuildFile; fileRef = 8401F50F223DC55600B897E7 /* PassView.swift */; };
		840A80F9223DAF82000EA451 /* AppDelegate.swift in Sources */ = {isa = PBXBuildFile; fileRef = 840A80F8223DAF82000EA451 /* AppDelegate.swift */; };
		840A80FB223DAF82000EA451 /* HomeViewController.swift in Sources */ = {isa = PBXBuildFile; fileRef = 840A80FA223DAF82000EA451 /* HomeViewController.swift */; };
		840A8100223DAF83000EA451 /* Assets.xcassets in Resources */ = {isa = PBXBuildFile; fileRef = 840A80FF223DAF83000EA451 /* Assets.xcassets */; };
		840A8103223DAF83000EA451 /* LaunchScreen.storyboard in Resources */ = {isa = PBXBuildFile; fileRef = 840A8101223DAF83000EA451 /* LaunchScreen.storyboard */; };
		840A810E223DAF83000EA451 /* PassTests.swift in Sources */ = {isa = PBXBuildFile; fileRef = 840A810D223DAF83000EA451 /* PassTests.swift */; };
		840A8119223DAF83000EA451 /* PassUITests.swift in Sources */ = {isa = PBXBuildFile; fileRef = 840A8118223DAF83000EA451 /* PassUITests.swift */; };
		840D799A2246F4BE00DF549B /* ModifyPassViewController.swift in Sources */ = {isa = PBXBuildFile; fileRef = 840D79992246F4BE00DF549B /* ModifyPassViewController.swift */; };
		843417F1227162CF0004EB6E /* SecretsHandler.swift in Sources */ = {isa = PBXBuildFile; fileRef = 843417F0227162CF0004EB6E /* SecretsHandler.swift */; };
		843D1EA4226BFC9E00B126EA /* NotificationCenter.framework in Frameworks */ = {isa = PBXBuildFile; fileRef = 843D1EA3226BFC9E00B126EA /* NotificationCenter.framework */; };
		843D1EA7226BFC9E00B126EA /* TodayViewController.swift in Sources */ = {isa = PBXBuildFile; fileRef = 843D1EA6226BFC9E00B126EA /* TodayViewController.swift */; };
		843D1EAA226BFC9E00B126EA /* MainInterface.storyboard in Resources */ = {isa = PBXBuildFile; fileRef = 843D1EA8226BFC9E00B126EA /* MainInterface.storyboard */; };
		843D1EAE226BFC9E00B126EA /* Favorite Pass.appex in Embed App Extensions */ = {isa = PBXBuildFile; fileRef = 843D1EA2226BFC9D00B126EA /* Favorite Pass.appex */; settings = {ATTRIBUTES = (RemoveHeadersOnCopy, ); }; };
		843D1EB6226BFFB200B126EA /* ExtensionHandler.swift in Sources */ = {isa = PBXBuildFile; fileRef = 843D1EB5226BFFB200B126EA /* ExtensionHandler.swift */; };
		845EC64F22499B8C00FA3ABD /* UITextFieldExtensions.swift in Sources */ = {isa = PBXBuildFile; fileRef = 845EC64E22499B8C00FA3ABD /* UITextFieldExtensions.swift */; };
		845EC6512249AD0F00FA3ABD /* UIImageExtensions.swift in Sources */ = {isa = PBXBuildFile; fileRef = 845EC6502249AD0F00FA3ABD /* UIImageExtensions.swift */; };
		8461BEAD22716517001C18DE /* ChirpController.swift in Sources */ = {isa = PBXBuildFile; fileRef = 8461BEAC22716517001C18DE /* ChirpController.swift */; };
		8461BEB022716630001C18DE /* ChirpConnect.framework in Frameworks */ = {isa = PBXBuildFile; fileRef = 8461BEAF22716630001C18DE /* ChirpConnect.framework */; };
		846A4470226D1542007A615E /* WatchHandler.swift in Sources */ = {isa = PBXBuildFile; fileRef = 846A446F226D1542007A615E /* WatchHandler.swift */; };
		846A4472226D2776007A615E /* PassHandler.swift in Sources */ = {isa = PBXBuildFile; fileRef = 846A4471226D2776007A615E /* PassHandler.swift */; };
		84B6F100226D1471009AC8F7 /* Interface.storyboard in Resources */ = {isa = PBXBuildFile; fileRef = 84B6F0FE226D1471009AC8F7 /* Interface.storyboard */; };
		84B6F102226D1472009AC8F7 /* Assets.xcassets in Resources */ = {isa = PBXBuildFile; fileRef = 84B6F101226D1472009AC8F7 /* Assets.xcassets */; };
		84B6F109226D1473009AC8F7 /* Watch Pass Extension.appex in Embed App Extensions */ = {isa = PBXBuildFile; fileRef = 84B6F108226D1473009AC8F7 /* Watch Pass Extension.appex */; settings = {ATTRIBUTES = (RemoveHeadersOnCopy, ); }; };
		84B6F10E226D1473009AC8F7 /* InterfaceController.swift in Sources */ = {isa = PBXBuildFile; fileRef = 84B6F10D226D1473009AC8F7 /* InterfaceController.swift */; };
		84B6F110226D1473009AC8F7 /* ExtensionDelegate.swift in Sources */ = {isa = PBXBuildFile; fileRef = 84B6F10F226D1473009AC8F7 /* ExtensionDelegate.swift */; };
		84B6F112226D1473009AC8F7 /* NotificationController.swift in Sources */ = {isa = PBXBuildFile; fileRef = 84B6F111226D1473009AC8F7 /* NotificationController.swift */; };
		84B6F114226D1473009AC8F7 /* Assets.xcassets in Resources */ = {isa = PBXBuildFile; fileRef = 84B6F113226D1473009AC8F7 /* Assets.xcassets */; };
		84B6F119226D1473009AC8F7 /* Watch Pass.app in Embed Watch Content */ = {isa = PBXBuildFile; fileRef = 84B6F0FC226D1471009AC8F7 /* Watch Pass.app */; };
		84C05CA7226BCCD300D8D0C5 /* PreviewPassViewController.swift in Sources */ = {isa = PBXBuildFile; fileRef = 84C05CA6226BCCD300D8D0C5 /* PreviewPassViewController.swift */; };
		84C05CA9226BD14B00D8D0C5 /* PassMenuTableView.swift in Sources */ = {isa = PBXBuildFile; fileRef = 84C05CA8226BD14B00D8D0C5 /* PassMenuTableView.swift */; };
		84DA0980226D419A00E34690 /* ErrorProtocol.swift in Sources */ = {isa = PBXBuildFile; fileRef = 84DA097F226D419A00E34690 /* ErrorProtocol.swift */; };
		84E15AF4223DB8800084BC02 /* AssetExtensions.swift in Sources */ = {isa = PBXBuildFile; fileRef = 84E15AF3223DB8800084BC02 /* AssetExtensions.swift */; };
		E6C7BDA6B543C06D78909C86 /* Pods_Pass.framework in Frameworks */ = {isa = PBXBuildFile; fileRef = 59F133BE3A1E7E74B59A65BE /* Pods_Pass.framework */; };
/* End PBXBuildFile section */

/* Begin PBXContainerItemProxy section */
		840A810A223DAF83000EA451 /* PBXContainerItemProxy */ = {
			isa = PBXContainerItemProxy;
			containerPortal = 840A80ED223DAF82000EA451 /* Project object */;
			proxyType = 1;
			remoteGlobalIDString = 840A80F4223DAF82000EA451;
			remoteInfo = Pass;
		};
		840A8115223DAF83000EA451 /* PBXContainerItemProxy */ = {
			isa = PBXContainerItemProxy;
			containerPortal = 840A80ED223DAF82000EA451 /* Project object */;
			proxyType = 1;
			remoteGlobalIDString = 840A80F4223DAF82000EA451;
			remoteInfo = Pass;
		};
		843D1EAC226BFC9E00B126EA /* PBXContainerItemProxy */ = {
			isa = PBXContainerItemProxy;
			containerPortal = 840A80ED223DAF82000EA451 /* Project object */;
			proxyType = 1;
			remoteGlobalIDString = 843D1EA1226BFC9D00B126EA;
			remoteInfo = "Favorite Pass";
		};
		84B6F10A226D1473009AC8F7 /* PBXContainerItemProxy */ = {
			isa = PBXContainerItemProxy;
			containerPortal = 840A80ED223DAF82000EA451 /* Project object */;
			proxyType = 1;
			remoteGlobalIDString = 84B6F107226D1473009AC8F7;
			remoteInfo = "Watch Pass Extension";
		};
		84B6F117226D1473009AC8F7 /* PBXContainerItemProxy */ = {
			isa = PBXContainerItemProxy;
			containerPortal = 840A80ED223DAF82000EA451 /* Project object */;
			proxyType = 1;
			remoteGlobalIDString = 84B6F0FB226D1471009AC8F7;
			remoteInfo = "Watch Pass";
		};
/* End PBXContainerItemProxy section */

/* Begin PBXCopyFilesBuildPhase section */
		843D1EB2226BFC9E00B126EA /* Embed App Extensions */ = {
			isa = PBXCopyFilesBuildPhase;
			buildActionMask = 2147483647;
			dstPath = "";
			dstSubfolderSpec = 13;
			files = (
				843D1EAE226BFC9E00B126EA /* Favorite Pass.appex in Embed App Extensions */,
			);
			name = "Embed App Extensions";
			runOnlyForDeploymentPostprocessing = 0;
		};
		84B6F11F226D1473009AC8F7 /* Embed App Extensions */ = {
			isa = PBXCopyFilesBuildPhase;
			buildActionMask = 2147483647;
			dstPath = "";
			dstSubfolderSpec = 13;
			files = (
				84B6F109226D1473009AC8F7 /* Watch Pass Extension.appex in Embed App Extensions */,
			);
			name = "Embed App Extensions";
			runOnlyForDeploymentPostprocessing = 0;
		};
		84B6F121226D1473009AC8F7 /* Embed Watch Content */ = {
			isa = PBXCopyFilesBuildPhase;
			buildActionMask = 2147483647;
			dstPath = "$(CONTENTS_FOLDER_PATH)/Watch";
			dstSubfolderSpec = 16;
			files = (
				84B6F119226D1473009AC8F7 /* Watch Pass.app in Embed Watch Content */,
			);
			name = "Embed Watch Content";
			runOnlyForDeploymentPostprocessing = 0;
		};
/* End PBXCopyFilesBuildPhase section */

/* Begin PBXFileReference section */
		03EAF52351DDB8C15F266F3C /* Pods-PassTests.release.xcconfig */ = {isa = PBXFileReference; includeInIndex = 1; lastKnownFileType = text.xcconfig; name = "Pods-PassTests.release.xcconfig"; path = "Target Support Files/Pods-PassTests/Pods-PassTests.release.xcconfig"; sourceTree = "<group>"; };
		1A554EE6782B0002051A9278 /* Pods-PassUITests.release.xcconfig */ = {isa = PBXFileReference; includeInIndex = 1; lastKnownFileType = text.xcconfig; name = "Pods-PassUITests.release.xcconfig"; path = "Target Support Files/Pods-PassUITests/Pods-PassUITests.release.xcconfig"; sourceTree = "<group>"; };
		4BF92263E7DAA1F9456AC7B8 /* Pods-Pass.release.xcconfig */ = {isa = PBXFileReference; includeInIndex = 1; lastKnownFileType = text.xcconfig; name = "Pods-Pass.release.xcconfig"; path = "Target Support Files/Pods-Pass/Pods-Pass.release.xcconfig"; sourceTree = "<group>"; };
		59F133BE3A1E7E74B59A65BE /* Pods_Pass.framework */ = {isa = PBXFileReference; explicitFileType = wrapper.framework; includeInIndex = 0; path = Pods_Pass.framework; sourceTree = BUILT_PRODUCTS_DIR; };
		7808DA4E26879C52FA4980D2 /* Pods-PassUITests.debug.xcconfig */ = {isa = PBXFileReference; includeInIndex = 1; lastKnownFileType = text.xcconfig; name = "Pods-PassUITests.debug.xcconfig"; path = "Target Support Files/Pods-PassUITests/Pods-PassUITests.debug.xcconfig"; sourceTree = "<group>"; };
		8401F506223DBEC400B897E7 /* PassM.swift */ = {isa = PBXFileReference; lastKnownFileType = sourcecode.swift; path = PassM.swift; sourceTree = "<group>"; };
		8401F50B223DC09000B897E7 /* TextFieldCell.swift */ = {isa = PBXFileReference; lastKnownFileType = sourcecode.swift; path = TextFieldCell.swift; sourceTree = "<group>"; };
		8401F50F223DC55600B897E7 /* PassView.swift */ = {isa = PBXFileReference; lastKnownFileType = sourcecode.swift; path = PassView.swift; sourceTree = "<group>"; };
		840A80F5223DAF82000EA451 /* Pass.app */ = {isa = PBXFileReference; explicitFileType = wrapper.application; includeInIndex = 0; path = Pass.app; sourceTree = BUILT_PRODUCTS_DIR; };
		840A80F8223DAF82000EA451 /* AppDelegate.swift */ = {isa = PBXFileReference; lastKnownFileType = sourcecode.swift; path = AppDelegate.swift; sourceTree = "<group>"; };
		840A80FA223DAF82000EA451 /* HomeViewController.swift */ = {isa = PBXFileReference; lastKnownFileType = sourcecode.swift; path = HomeViewController.swift; sourceTree = "<group>"; };
		840A80FF223DAF83000EA451 /* Assets.xcassets */ = {isa = PBXFileReference; lastKnownFileType = folder.assetcatalog; path = Assets.xcassets; sourceTree = "<group>"; };
		840A8102223DAF83000EA451 /* Base */ = {isa = PBXFileReference; lastKnownFileType = file.storyboard; name = Base; path = Base.lproj/LaunchScreen.storyboard; sourceTree = "<group>"; };
		840A8104223DAF83000EA451 /* Info.plist */ = {isa = PBXFileReference; lastKnownFileType = text.plist.xml; path = Info.plist; sourceTree = "<group>"; };
		840A8109223DAF83000EA451 /* PassTests.xctest */ = {isa = PBXFileReference; explicitFileType = wrapper.cfbundle; includeInIndex = 0; path = PassTests.xctest; sourceTree = BUILT_PRODUCTS_DIR; };
		840A810D223DAF83000EA451 /* PassTests.swift */ = {isa = PBXFileReference; lastKnownFileType = sourcecode.swift; path = PassTests.swift; sourceTree = "<group>"; };
		840A810F223DAF83000EA451 /* Info.plist */ = {isa = PBXFileReference; lastKnownFileType = text.plist.xml; path = Info.plist; sourceTree = "<group>"; };
		840A8114223DAF83000EA451 /* PassUITests.xctest */ = {isa = PBXFileReference; explicitFileType = wrapper.cfbundle; includeInIndex = 0; path = PassUITests.xctest; sourceTree = BUILT_PRODUCTS_DIR; };
		840A8118223DAF83000EA451 /* PassUITests.swift */ = {isa = PBXFileReference; lastKnownFileType = sourcecode.swift; path = PassUITests.swift; sourceTree = "<group>"; };
		840A811A223DAF83000EA451 /* Info.plist */ = {isa = PBXFileReference; lastKnownFileType = text.plist.xml; path = Info.plist; sourceTree = "<group>"; };
		840D79992246F4BE00DF549B /* ModifyPassViewController.swift */ = {isa = PBXFileReference; lastKnownFileType = sourcecode.swift; path = ModifyPassViewController.swift; sourceTree = "<group>"; };
		843417F0227162CF0004EB6E /* SecretsHandler.swift */ = {isa = PBXFileReference; lastKnownFileType = sourcecode.swift; path = SecretsHandler.swift; sourceTree = "<group>"; };
		843D1EA2226BFC9D00B126EA /* Favorite Pass.appex */ = {isa = PBXFileReference; explicitFileType = "wrapper.app-extension"; includeInIndex = 0; path = "Favorite Pass.appex"; sourceTree = BUILT_PRODUCTS_DIR; };
		843D1EA3226BFC9E00B126EA /* NotificationCenter.framework */ = {isa = PBXFileReference; lastKnownFileType = wrapper.framework; name = NotificationCenter.framework; path = System/Library/Frameworks/NotificationCenter.framework; sourceTree = SDKROOT; };
		843D1EA6226BFC9E00B126EA /* TodayViewController.swift */ = {isa = PBXFileReference; lastKnownFileType = sourcecode.swift; path = TodayViewController.swift; sourceTree = "<group>"; };
		843D1EA9226BFC9E00B126EA /* Base */ = {isa = PBXFileReference; lastKnownFileType = file.storyboard; name = Base; path = Base.lproj/MainInterface.storyboard; sourceTree = "<group>"; };
		843D1EAB226BFC9E00B126EA /* Info.plist */ = {isa = PBXFileReference; lastKnownFileType = text.plist.xml; path = Info.plist; sourceTree = "<group>"; };
		843D1EB3226BFE5700B126EA /* Pass.entitlements */ = {isa = PBXFileReference; lastKnownFileType = text.plist.entitlements; path = Pass.entitlements; sourceTree = "<group>"; };
		843D1EB4226BFED900B126EA /* Favorite Pass.entitlements */ = {isa = PBXFileReference; lastKnownFileType = text.plist.entitlements; path = "Favorite Pass.entitlements"; sourceTree = "<group>"; };
		843D1EB5226BFFB200B126EA /* ExtensionHandler.swift */ = {isa = PBXFileReference; lastKnownFileType = sourcecode.swift; path = ExtensionHandler.swift; sourceTree = "<group>"; };
		845EC64E22499B8C00FA3ABD /* UITextFieldExtensions.swift */ = {isa = PBXFileReference; lastKnownFileType = sourcecode.swift; path = UITextFieldExtensions.swift; sourceTree = "<group>"; };
		845EC6502249AD0F00FA3ABD /* UIImageExtensions.swift */ = {isa = PBXFileReference; lastKnownFileType = sourcecode.swift; path = UIImageExtensions.swift; sourceTree = "<group>"; };
		8461BEAC22716517001C18DE /* ChirpController.swift */ = {isa = PBXFileReference; lastKnownFileType = sourcecode.swift; path = ChirpController.swift; sourceTree = "<group>"; };
		8461BEAF22716630001C18DE /* ChirpConnect.framework */ = {isa = PBXFileReference; lastKnownFileType = wrapper.framework; name = ChirpConnect.framework; path = "../../../../Downloads/ChirpSDK-iOS-3/ChirpConnect.framework"; sourceTree = "<group>"; };
		846A446F226D1542007A615E /* WatchHandler.swift */ = {isa = PBXFileReference; lastKnownFileType = sourcecode.swift; path = WatchHandler.swift; sourceTree = "<group>"; };
		846A4471226D2776007A615E /* PassHandler.swift */ = {isa = PBXFileReference; lastKnownFileType = sourcecode.swift; path = PassHandler.swift; sourceTree = "<group>"; };
		84B6F0FC226D1471009AC8F7 /* Watch Pass.app */ = {isa = PBXFileReference; explicitFileType = wrapper.application; includeInIndex = 0; path = "Watch Pass.app"; sourceTree = BUILT_PRODUCTS_DIR; };
		84B6F0FF226D1471009AC8F7 /* Base */ = {isa = PBXFileReference; lastKnownFileType = file.storyboard; name = Base; path = Base.lproj/Interface.storyboard; sourceTree = "<group>"; };
		84B6F101226D1472009AC8F7 /* Assets.xcassets */ = {isa = PBXFileReference; lastKnownFileType = folder.assetcatalog; path = Assets.xcassets; sourceTree = "<group>"; };
		84B6F103226D1472009AC8F7 /* Info.plist */ = {isa = PBXFileReference; lastKnownFileType = text.plist.xml; path = Info.plist; sourceTree = "<group>"; };
		84B6F108226D1473009AC8F7 /* Watch Pass Extension.appex */ = {isa = PBXFileReference; explicitFileType = "wrapper.app-extension"; includeInIndex = 0; path = "Watch Pass Extension.appex"; sourceTree = BUILT_PRODUCTS_DIR; };
		84B6F10D226D1473009AC8F7 /* InterfaceController.swift */ = {isa = PBXFileReference; lastKnownFileType = sourcecode.swift; path = InterfaceController.swift; sourceTree = "<group>"; };
		84B6F10F226D1473009AC8F7 /* ExtensionDelegate.swift */ = {isa = PBXFileReference; lastKnownFileType = sourcecode.swift; path = ExtensionDelegate.swift; sourceTree = "<group>"; };
		84B6F111226D1473009AC8F7 /* NotificationController.swift */ = {isa = PBXFileReference; lastKnownFileType = sourcecode.swift; path = NotificationController.swift; sourceTree = "<group>"; };
		84B6F113226D1473009AC8F7 /* Assets.xcassets */ = {isa = PBXFileReference; lastKnownFileType = folder.assetcatalog; path = Assets.xcassets; sourceTree = "<group>"; };
		84B6F115226D1473009AC8F7 /* Info.plist */ = {isa = PBXFileReference; lastKnownFileType = text.plist.xml; path = Info.plist; sourceTree = "<group>"; };
		84B6F116226D1473009AC8F7 /* PushNotificationPayload.apns */ = {isa = PBXFileReference; lastKnownFileType = text; path = PushNotificationPayload.apns; sourceTree = "<group>"; };
		84C05CA6226BCCD300D8D0C5 /* PreviewPassViewController.swift */ = {isa = PBXFileReference; lastKnownFileType = sourcecode.swift; path = PreviewPassViewController.swift; sourceTree = "<group>"; };
		84C05CA8226BD14B00D8D0C5 /* PassMenuTableView.swift */ = {isa = PBXFileReference; lastKnownFileType = sourcecode.swift; path = PassMenuTableView.swift; sourceTree = "<group>"; };
		84DA097F226D419A00E34690 /* ErrorProtocol.swift */ = {isa = PBXFileReference; lastKnownFileType = sourcecode.swift; path = ErrorProtocol.swift; sourceTree = "<group>"; };
		84E15AF3223DB8800084BC02 /* AssetExtensions.swift */ = {isa = PBXFileReference; lastKnownFileType = sourcecode.swift; path = AssetExtensions.swift; sourceTree = "<group>"; };
		892A8A0D3D58F582EF5785E7 /* Pods-PassTests.debug.xcconfig */ = {isa = PBXFileReference; includeInIndex = 1; lastKnownFileType = text.xcconfig; name = "Pods-PassTests.debug.xcconfig"; path = "Target Support Files/Pods-PassTests/Pods-PassTests.debug.xcconfig"; sourceTree = "<group>"; };
		C363E1322E16E01F3D6FE578 /* Pods_PassTests.framework */ = {isa = PBXFileReference; explicitFileType = wrapper.framework; includeInIndex = 0; path = Pods_PassTests.framework; sourceTree = BUILT_PRODUCTS_DIR; };
		C881FDBA7171D98BFC378C59 /* Pods-Pass.debug.xcconfig */ = {isa = PBXFileReference; includeInIndex = 1; lastKnownFileType = text.xcconfig; name = "Pods-Pass.debug.xcconfig"; path = "Target Support Files/Pods-Pass/Pods-Pass.debug.xcconfig"; sourceTree = "<group>"; };
		E186F9187CA7B13C88891672 /* Pods_PassUITests.framework */ = {isa = PBXFileReference; explicitFileType = wrapper.framework; includeInIndex = 0; path = Pods_PassUITests.framework; sourceTree = BUILT_PRODUCTS_DIR; };
/* End PBXFileReference section */

/* Begin PBXFrameworksBuildPhase section */
		840A80F2223DAF82000EA451 /* Frameworks */ = {
			isa = PBXFrameworksBuildPhase;
			buildActionMask = 2147483647;
			files = (
				8461BEB022716630001C18DE /* ChirpConnect.framework in Frameworks */,
				E6C7BDA6B543C06D78909C86 /* Pods_Pass.framework in Frameworks */,
			);
			runOnlyForDeploymentPostprocessing = 0;
		};
		840A8106223DAF83000EA451 /* Frameworks */ = {
			isa = PBXFrameworksBuildPhase;
			buildActionMask = 2147483647;
			files = (
				52C8D3DD86C1BD84FD67D207 /* Pods_PassTests.framework in Frameworks */,
			);
			runOnlyForDeploymentPostprocessing = 0;
		};
		840A8111223DAF83000EA451 /* Frameworks */ = {
			isa = PBXFrameworksBuildPhase;
			buildActionMask = 2147483647;
			files = (
				4C0ED6A0D2BD593F373DC8F4 /* Pods_PassUITests.framework in Frameworks */,
			);
			runOnlyForDeploymentPostprocessing = 0;
		};
		843D1E9F226BFC9D00B126EA /* Frameworks */ = {
			isa = PBXFrameworksBuildPhase;
			buildActionMask = 2147483647;
			files = (
				843D1EA4226BFC9E00B126EA /* NotificationCenter.framework in Frameworks */,
			);
			runOnlyForDeploymentPostprocessing = 0;
		};
		84B6F105226D1473009AC8F7 /* Frameworks */ = {
			isa = PBXFrameworksBuildPhase;
			buildActionMask = 2147483647;
			files = (
			);
			runOnlyForDeploymentPostprocessing = 0;
		};
/* End PBXFrameworksBuildPhase section */

/* Begin PBXGroup section */
		8401F508223DBF9D00B897E7 /* Models */ = {
			isa = PBXGroup;
			children = (
				8401F506223DBEC400B897E7 /* PassM.swift */,
			);
			path = Models;
			sourceTree = "<group>";
		};
		8401F511223DD21600B897E7 /* Components */ = {
			isa = PBXGroup;
			children = (
				8401F50B223DC09000B897E7 /* TextFieldCell.swift */,
				8401F50F223DC55600B897E7 /* PassView.swift */,
				84C05CA8226BD14B00D8D0C5 /* PassMenuTableView.swift */,
			);
			path = Components;
			sourceTree = "<group>";
		};
		840A80EC223DAF82000EA451 = {
			isa = PBXGroup;
			children = (
				840A80F7223DAF82000EA451 /* Pass */,
				840A810C223DAF83000EA451 /* PassTests */,
				840A8117223DAF83000EA451 /* PassUITests */,
				843D1EA5226BFC9E00B126EA /* Favorite Pass */,
				84B6F0FD226D1471009AC8F7 /* Watch Pass */,
				84B6F10C226D1473009AC8F7 /* Watch Pass Extension */,
				840A80F6223DAF82000EA451 /* Products */,
				AEC0245700EB713BBA9013E9 /* Pods */,
				A3A2BFBA0317FE5A2F54A455 /* Frameworks */,
			);
			sourceTree = "<group>";
		};
		840A80F6223DAF82000EA451 /* Products */ = {
			isa = PBXGroup;
			children = (
				840A80F5223DAF82000EA451 /* Pass.app */,
				840A8109223DAF83000EA451 /* PassTests.xctest */,
				840A8114223DAF83000EA451 /* PassUITests.xctest */,
				843D1EA2226BFC9D00B126EA /* Favorite Pass.appex */,
				84B6F0FC226D1471009AC8F7 /* Watch Pass.app */,
				84B6F108226D1473009AC8F7 /* Watch Pass Extension.appex */,
			);
			name = Products;
			sourceTree = "<group>";
		};
		840A80F7223DAF82000EA451 /* Pass */ = {
			isa = PBXGroup;
			children = (
				843D1EB3226BFE5700B126EA /* Pass.entitlements */,
				840A80F8223DAF82000EA451 /* AppDelegate.swift */,
				840A80FA223DAF82000EA451 /* HomeViewController.swift */,
				840D79992246F4BE00DF549B /* ModifyPassViewController.swift */,
				84C05CA6226BCCD300D8D0C5 /* PreviewPassViewController.swift */,
				84DA097F226D419A00E34690 /* ErrorProtocol.swift */,
				843D1EB5226BFFB200B126EA /* ExtensionHandler.swift */,
				846A446F226D1542007A615E /* WatchHandler.swift */,
				843417F0227162CF0004EB6E /* SecretsHandler.swift */,
				8461BEAC22716517001C18DE /* ChirpController.swift */,
				8401F511223DD21600B897E7 /* Components */,
				8401F508223DBF9D00B897E7 /* Models */,
				845EC6502249AD0F00FA3ABD /* UIImageExtensions.swift */,
				845EC64E22499B8C00FA3ABD /* UITextFieldExtensions.swift */,
				8461BEAF22716630001C18DE /* ChirpConnect.framework */,
				84E15AF3223DB8800084BC02 /* AssetExtensions.swift */,
				840A80FF223DAF83000EA451 /* Assets.xcassets */,
				840A8101223DAF83000EA451 /* LaunchScreen.storyboard */,
				840A8104223DAF83000EA451 /* Info.plist */,
			);
			path = Pass;
			sourceTree = "<group>";
		};
		840A810C223DAF83000EA451 /* PassTests */ = {
			isa = PBXGroup;
			children = (
				840A810D223DAF83000EA451 /* PassTests.swift */,
				840A810F223DAF83000EA451 /* Info.plist */,
			);
			path = PassTests;
			sourceTree = "<group>";
		};
		840A8117223DAF83000EA451 /* PassUITests */ = {
			isa = PBXGroup;
			children = (
				840A8118223DAF83000EA451 /* PassUITests.swift */,
				840A811A223DAF83000EA451 /* Info.plist */,
			);
			path = PassUITests;
			sourceTree = "<group>";
		};
		843D1EA5226BFC9E00B126EA /* Favorite Pass */ = {
			isa = PBXGroup;
			children = (
				843D1EB4226BFED900B126EA /* Favorite Pass.entitlements */,
				843D1EA6226BFC9E00B126EA /* TodayViewController.swift */,
				843D1EA8226BFC9E00B126EA /* MainInterface.storyboard */,
				843D1EAB226BFC9E00B126EA /* Info.plist */,
			);
			path = "Favorite Pass";
			sourceTree = "<group>";
		};
		84B6F0FD226D1471009AC8F7 /* Watch Pass */ = {
			isa = PBXGroup;
			children = (
				84B6F0FE226D1471009AC8F7 /* Interface.storyboard */,
				84B6F101226D1472009AC8F7 /* Assets.xcassets */,
				84B6F103226D1472009AC8F7 /* Info.plist */,
			);
			path = "Watch Pass";
			sourceTree = "<group>";
		};
		84B6F10C226D1473009AC8F7 /* Watch Pass Extension */ = {
			isa = PBXGroup;
			children = (
				84B6F10D226D1473009AC8F7 /* InterfaceController.swift */,
				84B6F10F226D1473009AC8F7 /* ExtensionDelegate.swift */,
				846A4471226D2776007A615E /* PassHandler.swift */,
				84B6F111226D1473009AC8F7 /* NotificationController.swift */,
				84B6F113226D1473009AC8F7 /* Assets.xcassets */,
				84B6F115226D1473009AC8F7 /* Info.plist */,
				84B6F116226D1473009AC8F7 /* PushNotificationPayload.apns */,
			);
			path = "Watch Pass Extension";
			sourceTree = "<group>";
		};
		A3A2BFBA0317FE5A2F54A455 /* Frameworks */ = {
			isa = PBXGroup;
			children = (
				59F133BE3A1E7E74B59A65BE /* Pods_Pass.framework */,
				C363E1322E16E01F3D6FE578 /* Pods_PassTests.framework */,
				E186F9187CA7B13C88891672 /* Pods_PassUITests.framework */,
				843D1EA3226BFC9E00B126EA /* NotificationCenter.framework */,
			);
			name = Frameworks;
			sourceTree = "<group>";
		};
		AEC0245700EB713BBA9013E9 /* Pods */ = {
			isa = PBXGroup;
			children = (
				C881FDBA7171D98BFC378C59 /* Pods-Pass.debug.xcconfig */,
				4BF92263E7DAA1F9456AC7B8 /* Pods-Pass.release.xcconfig */,
				892A8A0D3D58F582EF5785E7 /* Pods-PassTests.debug.xcconfig */,
				03EAF52351DDB8C15F266F3C /* Pods-PassTests.release.xcconfig */,
				7808DA4E26879C52FA4980D2 /* Pods-PassUITests.debug.xcconfig */,
				1A554EE6782B0002051A9278 /* Pods-PassUITests.release.xcconfig */,
			);
			path = Pods;
			sourceTree = "<group>";
		};
/* End PBXGroup section */

/* Begin PBXNativeTarget section */
		840A80F4223DAF82000EA451 /* Pass */ = {
			isa = PBXNativeTarget;
			buildConfigurationList = 840A811D223DAF83000EA451 /* Build configuration list for PBXNativeTarget "Pass" */;
			buildPhases = (
				31055EA09411C0C6E33789F8 /* [CP] Check Pods Manifest.lock */,
				840A80F1223DAF82000EA451 /* Sources */,
				840A80F2223DAF82000EA451 /* Frameworks */,
				840A80F3223DAF82000EA451 /* Resources */,
				84E15AF2223DB2CE0084BC02 /* ShellScript */,
				491F0652453FC3364177B9EF /* [CP] Embed Pods Frameworks */,
				843D1EB2226BFC9E00B126EA /* Embed App Extensions */,
				84B6F121226D1473009AC8F7 /* Embed Watch Content */,
			);
			buildRules = (
			);
			dependencies = (
				843D1EAD226BFC9E00B126EA /* PBXTargetDependency */,
				84B6F118226D1473009AC8F7 /* PBXTargetDependency */,
			);
			name = Pass;
			productName = Pass;
			productReference = 840A80F5223DAF82000EA451 /* Pass.app */;
			productType = "com.apple.product-type.application";
		};
		840A8108223DAF83000EA451 /* PassTests */ = {
			isa = PBXNativeTarget;
			buildConfigurationList = 840A8120223DAF83000EA451 /* Build configuration list for PBXNativeTarget "PassTests" */;
			buildPhases = (
				6FAA3D0873B7125A099236D9 /* [CP] Check Pods Manifest.lock */,
				840A8105223DAF83000EA451 /* Sources */,
				840A8106223DAF83000EA451 /* Frameworks */,
				840A8107223DAF83000EA451 /* Resources */,
			);
			buildRules = (
			);
			dependencies = (
				840A810B223DAF83000EA451 /* PBXTargetDependency */,
			);
			name = PassTests;
			productName = PassTests;
			productReference = 840A8109223DAF83000EA451 /* PassTests.xctest */;
			productType = "com.apple.product-type.bundle.unit-test";
		};
		840A8113223DAF83000EA451 /* PassUITests */ = {
			isa = PBXNativeTarget;
			buildConfigurationList = 840A8123223DAF83000EA451 /* Build configuration list for PBXNativeTarget "PassUITests" */;
			buildPhases = (
				20EDAECB31D9E372222C56D4 /* [CP] Check Pods Manifest.lock */,
				840A8110223DAF83000EA451 /* Sources */,
				840A8111223DAF83000EA451 /* Frameworks */,
				840A8112223DAF83000EA451 /* Resources */,
			);
			buildRules = (
			);
			dependencies = (
				840A8116223DAF83000EA451 /* PBXTargetDependency */,
			);
			name = PassUITests;
			productName = PassUITests;
			productReference = 840A8114223DAF83000EA451 /* PassUITests.xctest */;
			productType = "com.apple.product-type.bundle.ui-testing";
		};
		843D1EA1226BFC9D00B126EA /* Favorite Pass */ = {
			isa = PBXNativeTarget;
			buildConfigurationList = 843D1EB1226BFC9E00B126EA /* Build configuration list for PBXNativeTarget "Favorite Pass" */;
			buildPhases = (
				843D1E9E226BFC9D00B126EA /* Sources */,
				843D1E9F226BFC9D00B126EA /* Frameworks */,
				843D1EA0226BFC9D00B126EA /* Resources */,
			);
			buildRules = (
			);
			dependencies = (
			);
			name = "Favorite Pass";
			productName = "Favorite Pass";
			productReference = 843D1EA2226BFC9D00B126EA /* Favorite Pass.appex */;
			productType = "com.apple.product-type.app-extension";
		};
		84B6F0FB226D1471009AC8F7 /* Watch Pass */ = {
			isa = PBXNativeTarget;
			buildConfigurationList = 84B6F120226D1473009AC8F7 /* Build configuration list for PBXNativeTarget "Watch Pass" */;
			buildPhases = (
				84B6F0FA226D1471009AC8F7 /* Resources */,
				84B6F11F226D1473009AC8F7 /* Embed App Extensions */,
			);
			buildRules = (
			);
			dependencies = (
				84B6F10B226D1473009AC8F7 /* PBXTargetDependency */,
			);
			name = "Watch Pass";
			productName = "Watch Pass";
			productReference = 84B6F0FC226D1471009AC8F7 /* Watch Pass.app */;
			productType = "com.apple.product-type.application.watchapp2";
		};
		84B6F107226D1473009AC8F7 /* Watch Pass Extension */ = {
			isa = PBXNativeTarget;
			buildConfigurationList = 84B6F11E226D1473009AC8F7 /* Build configuration list for PBXNativeTarget "Watch Pass Extension" */;
			buildPhases = (
				84B6F104226D1473009AC8F7 /* Sources */,
				84B6F105226D1473009AC8F7 /* Frameworks */,
				84B6F106226D1473009AC8F7 /* Resources */,
			);
			buildRules = (
			);
			dependencies = (
			);
			name = "Watch Pass Extension";
			productName = "Watch Pass Extension";
			productReference = 84B6F108226D1473009AC8F7 /* Watch Pass Extension.appex */;
			productType = "com.apple.product-type.watchkit2-extension";
		};
/* End PBXNativeTarget section */

/* Begin PBXProject section */
		840A80ED223DAF82000EA451 /* Project object */ = {
			isa = PBXProject;
			attributes = {
				LastSwiftUpdateCheck = 1020;
				LastUpgradeCheck = 1010;
				ORGANIZATIONNAME = "Jose Aguilar";
				TargetAttributes = {
					840A80F4223DAF82000EA451 = {
						CreatedOnToolsVersion = 10.1;
						LastSwiftMigration = 1020;
						SystemCapabilities = {
							com.apple.ApplicationGroups.iOS = {
								enabled = 1;
							};
						};
					};
					840A8108223DAF83000EA451 = {
						CreatedOnToolsVersion = 10.1;
						LastSwiftMigration = 1020;
						TestTargetID = 840A80F4223DAF82000EA451;
					};
					840A8113223DAF83000EA451 = {
						CreatedOnToolsVersion = 10.1;
						LastSwiftMigration = 1020;
						TestTargetID = 840A80F4223DAF82000EA451;
					};
					843D1EA1226BFC9D00B126EA = {
						CreatedOnToolsVersion = 10.2;
						SystemCapabilities = {
							com.apple.ApplicationGroups.iOS = {
								enabled = 1;
							};
						};
					};
					84B6F0FB226D1471009AC8F7 = {
						CreatedOnToolsVersion = 10.2;
					};
					84B6F107226D1473009AC8F7 = {
						CreatedOnToolsVersion = 10.2;
					};
				};
			};
			buildConfigurationList = 840A80F0223DAF82000EA451 /* Build configuration list for PBXProject "Pass" */;
			compatibilityVersion = "Xcode 9.3";
			developmentRegion = en;
			hasScannedForEncodings = 0;
			knownRegions = (
				en,
				Base,
			);
			mainGroup = 840A80EC223DAF82000EA451;
			productRefGroup = 840A80F6223DAF82000EA451 /* Products */;
			projectDirPath = "";
			projectRoot = "";
			targets = (
				840A80F4223DAF82000EA451 /* Pass */,
				840A8108223DAF83000EA451 /* PassTests */,
				840A8113223DAF83000EA451 /* PassUITests */,
				843D1EA1226BFC9D00B126EA /* Favorite Pass */,
				84B6F0FB226D1471009AC8F7 /* Watch Pass */,
				84B6F107226D1473009AC8F7 /* Watch Pass Extension */,
			);
		};
/* End PBXProject section */

/* Begin PBXResourcesBuildPhase section */
		840A80F3223DAF82000EA451 /* Resources */ = {
			isa = PBXResourcesBuildPhase;
			buildActionMask = 2147483647;
			files = (
				840A8103223DAF83000EA451 /* LaunchScreen.storyboard in Resources */,
				840A8100223DAF83000EA451 /* Assets.xcassets in Resources */,
			);
			runOnlyForDeploymentPostprocessing = 0;
		};
		840A8107223DAF83000EA451 /* Resources */ = {
			isa = PBXResourcesBuildPhase;
			buildActionMask = 2147483647;
			files = (
			);
			runOnlyForDeploymentPostprocessing = 0;
		};
		840A8112223DAF83000EA451 /* Resources */ = {
			isa = PBXResourcesBuildPhase;
			buildActionMask = 2147483647;
			files = (
			);
			runOnlyForDeploymentPostprocessing = 0;
		};
		843D1EA0226BFC9D00B126EA /* Resources */ = {
			isa = PBXResourcesBuildPhase;
			buildActionMask = 2147483647;
			files = (
				843D1EAA226BFC9E00B126EA /* MainInterface.storyboard in Resources */,
			);
			runOnlyForDeploymentPostprocessing = 0;
		};
		84B6F0FA226D1471009AC8F7 /* Resources */ = {
			isa = PBXResourcesBuildPhase;
			buildActionMask = 2147483647;
			files = (
				84B6F102226D1472009AC8F7 /* Assets.xcassets in Resources */,
				84B6F100226D1471009AC8F7 /* Interface.storyboard in Resources */,
			);
			runOnlyForDeploymentPostprocessing = 0;
		};
		84B6F106226D1473009AC8F7 /* Resources */ = {
			isa = PBXResourcesBuildPhase;
			buildActionMask = 2147483647;
			files = (
				84B6F114226D1473009AC8F7 /* Assets.xcassets in Resources */,
			);
			runOnlyForDeploymentPostprocessing = 0;
		};
/* End PBXResourcesBuildPhase section */

/* Begin PBXShellScriptBuildPhase section */
		20EDAECB31D9E372222C56D4 /* [CP] Check Pods Manifest.lock */ = {
			isa = PBXShellScriptBuildPhase;
			buildActionMask = 2147483647;
			files = (
			);
			inputFileListPaths = (
			);
			inputPaths = (
				"${PODS_PODFILE_DIR_PATH}/Podfile.lock",
				"${PODS_ROOT}/Manifest.lock",
			);
			name = "[CP] Check Pods Manifest.lock";
			outputFileListPaths = (
			);
			outputPaths = (
				"$(DERIVED_FILE_DIR)/Pods-PassUITests-checkManifestLockResult.txt",
			);
			runOnlyForDeploymentPostprocessing = 0;
			shellPath = /bin/sh;
			shellScript = "diff \"${PODS_PODFILE_DIR_PATH}/Podfile.lock\" \"${PODS_ROOT}/Manifest.lock\" > /dev/null\nif [ $? != 0 ] ; then\n    # print error to STDERR\n    echo \"error: The sandbox is not in sync with the Podfile.lock. Run 'pod install' or update your CocoaPods installation.\" >&2\n    exit 1\nfi\n# This output is used by Xcode 'outputs' to avoid re-running this script phase.\necho \"SUCCESS\" > \"${SCRIPT_OUTPUT_FILE_0}\"\n";
			showEnvVarsInLog = 0;
		};
		31055EA09411C0C6E33789F8 /* [CP] Check Pods Manifest.lock */ = {
			isa = PBXShellScriptBuildPhase;
			buildActionMask = 2147483647;
			files = (
			);
			inputFileListPaths = (
			);
			inputPaths = (
				"${PODS_PODFILE_DIR_PATH}/Podfile.lock",
				"${PODS_ROOT}/Manifest.lock",
			);
			name = "[CP] Check Pods Manifest.lock";
			outputFileListPaths = (
			);
			outputPaths = (
				"$(DERIVED_FILE_DIR)/Pods-Pass-checkManifestLockResult.txt",
			);
			runOnlyForDeploymentPostprocessing = 0;
			shellPath = /bin/sh;
			shellScript = "diff \"${PODS_PODFILE_DIR_PATH}/Podfile.lock\" \"${PODS_ROOT}/Manifest.lock\" > /dev/null\nif [ $? != 0 ] ; then\n    # print error to STDERR\n    echo \"error: The sandbox is not in sync with the Podfile.lock. Run 'pod install' or update your CocoaPods installation.\" >&2\n    exit 1\nfi\n# This output is used by Xcode 'outputs' to avoid re-running this script phase.\necho \"SUCCESS\" > \"${SCRIPT_OUTPUT_FILE_0}\"\n";
			showEnvVarsInLog = 0;
		};
		491F0652453FC3364177B9EF /* [CP] Embed Pods Frameworks */ = {
			isa = PBXShellScriptBuildPhase;
			buildActionMask = 2147483647;
			files = (
			);
			inputFileListPaths = (
			);
			inputPaths = (
				"${PODS_ROOT}/Target Support Files/Pods-Pass/Pods-Pass-frameworks.sh",
				"${BUILT_PRODUCTS_DIR}/Realm/Realm.framework",
				"${BUILT_PRODUCTS_DIR}/RealmSwift/RealmSwift.framework",
			);
			name = "[CP] Embed Pods Frameworks";
			outputFileListPaths = (
			);
			outputPaths = (
				"${TARGET_BUILD_DIR}/${FRAMEWORKS_FOLDER_PATH}/Realm.framework",
				"${TARGET_BUILD_DIR}/${FRAMEWORKS_FOLDER_PATH}/RealmSwift.framework",
			);
			runOnlyForDeploymentPostprocessing = 0;
			shellPath = /bin/sh;
			shellScript = "\"${PODS_ROOT}/Target Support Files/Pods-Pass/Pods-Pass-frameworks.sh\"\n";
			showEnvVarsInLog = 0;
		};
		6FAA3D0873B7125A099236D9 /* [CP] Check Pods Manifest.lock */ = {
			isa = PBXShellScriptBuildPhase;
			buildActionMask = 2147483647;
			files = (
			);
			inputFileListPaths = (
			);
			inputPaths = (
				"${PODS_PODFILE_DIR_PATH}/Podfile.lock",
				"${PODS_ROOT}/Manifest.lock",
			);
			name = "[CP] Check Pods Manifest.lock";
			outputFileListPaths = (
			);
			outputPaths = (
				"$(DERIVED_FILE_DIR)/Pods-PassTests-checkManifestLockResult.txt",
			);
			runOnlyForDeploymentPostprocessing = 0;
			shellPath = /bin/sh;
			shellScript = "diff \"${PODS_PODFILE_DIR_PATH}/Podfile.lock\" \"${PODS_ROOT}/Manifest.lock\" > /dev/null\nif [ $? != 0 ] ; then\n    # print error to STDERR\n    echo \"error: The sandbox is not in sync with the Podfile.lock. Run 'pod install' or update your CocoaPods installation.\" >&2\n    exit 1\nfi\n# This output is used by Xcode 'outputs' to avoid re-running this script phase.\necho \"SUCCESS\" > \"${SCRIPT_OUTPUT_FILE_0}\"\n";
			showEnvVarsInLog = 0;
		};
		84E15AF2223DB2CE0084BC02 /* ShellScript */ = {
			isa = PBXShellScriptBuildPhase;
			buildActionMask = 2147483647;
			files = (
			);
			inputFileListPaths = (
			);
			inputPaths = (
			);
			outputFileListPaths = (
			);
			outputPaths = (
			);
			runOnlyForDeploymentPostprocessing = 0;
			shellPath = /bin/sh;
			shellScript = "${PODS_ROOT}/SwiftLint/swiftlint\n";
		};
/* End PBXShellScriptBuildPhase section */

/* Begin PBXSourcesBuildPhase section */
		840A80F1223DAF82000EA451 /* Sources */ = {
			isa = PBXSourcesBuildPhase;
			buildActionMask = 2147483647;
			files = (
				843D1EB6226BFFB200B126EA /* ExtensionHandler.swift in Sources */,
				845EC6512249AD0F00FA3ABD /* UIImageExtensions.swift in Sources */,
				846A4470226D1542007A615E /* WatchHandler.swift in Sources */,
				84E15AF4223DB8800084BC02 /* AssetExtensions.swift in Sources */,
				8401F510223DC55600B897E7 /* PassView.swift in Sources */,
				843417F1227162CF0004EB6E /* SecretsHandler.swift in Sources */,
				845EC64F22499B8C00FA3ABD /* UITextFieldExtensions.swift in Sources */,
				84C05CA9226BD14B00D8D0C5 /* PassMenuTableView.swift in Sources */,
				84C05CA7226BCCD300D8D0C5 /* PreviewPassViewController.swift in Sources */,
				840D799A2246F4BE00DF549B /* ModifyPassViewController.swift in Sources */,
				8461BEAD22716517001C18DE /* ChirpController.swift in Sources */,
				840A80FB223DAF82000EA451 /* HomeViewController.swift in Sources */,
				8401F50C223DC09000B897E7 /* TextFieldCell.swift in Sources */,
				8401F507223DBEC400B897E7 /* PassM.swift in Sources */,
				84DA0980226D419A00E34690 /* ErrorProtocol.swift in Sources */,
				840A80F9223DAF82000EA451 /* AppDelegate.swift in Sources */,
			);
			runOnlyForDeploymentPostprocessing = 0;
		};
		840A8105223DAF83000EA451 /* Sources */ = {
			isa = PBXSourcesBuildPhase;
			buildActionMask = 2147483647;
			files = (
				840A810E223DAF83000EA451 /* PassTests.swift in Sources */,
			);
			runOnlyForDeploymentPostprocessing = 0;
		};
		840A8110223DAF83000EA451 /* Sources */ = {
			isa = PBXSourcesBuildPhase;
			buildActionMask = 2147483647;
			files = (
				840A8119223DAF83000EA451 /* PassUITests.swift in Sources */,
			);
			runOnlyForDeploymentPostprocessing = 0;
		};
		843D1E9E226BFC9D00B126EA /* Sources */ = {
			isa = PBXSourcesBuildPhase;
			buildActionMask = 2147483647;
			files = (
				843D1EA7226BFC9E00B126EA /* TodayViewController.swift in Sources */,
			);
			runOnlyForDeploymentPostprocessing = 0;
		};
		84B6F104226D1473009AC8F7 /* Sources */ = {
			isa = PBXSourcesBuildPhase;
			buildActionMask = 2147483647;
			files = (
				84B6F112226D1473009AC8F7 /* NotificationController.swift in Sources */,
				846A4472226D2776007A615E /* PassHandler.swift in Sources */,
				84B6F110226D1473009AC8F7 /* ExtensionDelegate.swift in Sources */,
				84B6F10E226D1473009AC8F7 /* InterfaceController.swift in Sources */,
			);
			runOnlyForDeploymentPostprocessing = 0;
		};
/* End PBXSourcesBuildPhase section */

/* Begin PBXTargetDependency section */
		840A810B223DAF83000EA451 /* PBXTargetDependency */ = {
			isa = PBXTargetDependency;
			target = 840A80F4223DAF82000EA451 /* Pass */;
			targetProxy = 840A810A223DAF83000EA451 /* PBXContainerItemProxy */;
		};
		840A8116223DAF83000EA451 /* PBXTargetDependency */ = {
			isa = PBXTargetDependency;
			target = 840A80F4223DAF82000EA451 /* Pass */;
			targetProxy = 840A8115223DAF83000EA451 /* PBXContainerItemProxy */;
		};
		843D1EAD226BFC9E00B126EA /* PBXTargetDependency */ = {
			isa = PBXTargetDependency;
			target = 843D1EA1226BFC9D00B126EA /* Favorite Pass */;
			targetProxy = 843D1EAC226BFC9E00B126EA /* PBXContainerItemProxy */;
		};
		84B6F10B226D1473009AC8F7 /* PBXTargetDependency */ = {
			isa = PBXTargetDependency;
			target = 84B6F107226D1473009AC8F7 /* Watch Pass Extension */;
			targetProxy = 84B6F10A226D1473009AC8F7 /* PBXContainerItemProxy */;
		};
		84B6F118226D1473009AC8F7 /* PBXTargetDependency */ = {
			isa = PBXTargetDependency;
			target = 84B6F0FB226D1471009AC8F7 /* Watch Pass */;
			targetProxy = 84B6F117226D1473009AC8F7 /* PBXContainerItemProxy */;
		};
/* End PBXTargetDependency section */

/* Begin PBXVariantGroup section */
		840A8101223DAF83000EA451 /* LaunchScreen.storyboard */ = {
			isa = PBXVariantGroup;
			children = (
				840A8102223DAF83000EA451 /* Base */,
			);
			name = LaunchScreen.storyboard;
			sourceTree = "<group>";
		};
		843D1EA8226BFC9E00B126EA /* MainInterface.storyboard */ = {
			isa = PBXVariantGroup;
			children = (
				843D1EA9226BFC9E00B126EA /* Base */,
			);
			name = MainInterface.storyboard;
			sourceTree = "<group>";
		};
		84B6F0FE226D1471009AC8F7 /* Interface.storyboard */ = {
			isa = PBXVariantGroup;
			children = (
				84B6F0FF226D1471009AC8F7 /* Base */,
			);
			name = Interface.storyboard;
			sourceTree = "<group>";
		};
/* End PBXVariantGroup section */

/* Begin XCBuildConfiguration section */
		840A811B223DAF83000EA451 /* Debug */ = {
			isa = XCBuildConfiguration;
			buildSettings = {
				ALWAYS_SEARCH_USER_PATHS = NO;
				CLANG_ANALYZER_NONNULL = YES;
				CLANG_ANALYZER_NUMBER_OBJECT_CONVERSION = YES_AGGRESSIVE;
				CLANG_CXX_LANGUAGE_STANDARD = "gnu++14";
				CLANG_CXX_LIBRARY = "libc++";
				CLANG_ENABLE_MODULES = YES;
				CLANG_ENABLE_OBJC_ARC = YES;
				CLANG_ENABLE_OBJC_WEAK = YES;
				CLANG_WARN_BLOCK_CAPTURE_AUTORELEASING = YES;
				CLANG_WARN_BOOL_CONVERSION = YES;
				CLANG_WARN_COMMA = YES;
				CLANG_WARN_CONSTANT_CONVERSION = YES;
				CLANG_WARN_DEPRECATED_OBJC_IMPLEMENTATIONS = YES;
				CLANG_WARN_DIRECT_OBJC_ISA_USAGE = YES_ERROR;
				CLANG_WARN_DOCUMENTATION_COMMENTS = YES;
				CLANG_WARN_EMPTY_BODY = YES;
				CLANG_WARN_ENUM_CONVERSION = YES;
				CLANG_WARN_INFINITE_RECURSION = YES;
				CLANG_WARN_INT_CONVERSION = YES;
				CLANG_WARN_NON_LITERAL_NULL_CONVERSION = YES;
				CLANG_WARN_OBJC_IMPLICIT_RETAIN_SELF = YES;
				CLANG_WARN_OBJC_LITERAL_CONVERSION = YES;
				CLANG_WARN_OBJC_ROOT_CLASS = YES_ERROR;
				CLANG_WARN_RANGE_LOOP_ANALYSIS = YES;
				CLANG_WARN_STRICT_PROTOTYPES = YES;
				CLANG_WARN_SUSPICIOUS_MOVE = YES;
				CLANG_WARN_UNGUARDED_AVAILABILITY = YES_AGGRESSIVE;
				CLANG_WARN_UNREACHABLE_CODE = YES;
				CLANG_WARN__DUPLICATE_METHOD_MATCH = YES;
				CODE_SIGN_IDENTITY = "iPhone Developer";
				COPY_PHASE_STRIP = NO;
				DEBUG_INFORMATION_FORMAT = dwarf;
				ENABLE_BITCODE = NO;
				ENABLE_STRICT_OBJC_MSGSEND = YES;
				ENABLE_TESTABILITY = YES;
				GCC_C_LANGUAGE_STANDARD = gnu11;
				GCC_DYNAMIC_NO_PIC = NO;
				GCC_NO_COMMON_BLOCKS = YES;
				GCC_OPTIMIZATION_LEVEL = 0;
				GCC_PREPROCESSOR_DEFINITIONS = (
					"DEBUG=1",
					"$(inherited)",
				);
				GCC_WARN_64_TO_32_BIT_CONVERSION = YES;
				GCC_WARN_ABOUT_RETURN_TYPE = YES_ERROR;
				GCC_WARN_UNDECLARED_SELECTOR = YES;
				GCC_WARN_UNINITIALIZED_AUTOS = YES_AGGRESSIVE;
				GCC_WARN_UNUSED_FUNCTION = YES;
				GCC_WARN_UNUSED_VARIABLE = YES;
				IPHONEOS_DEPLOYMENT_TARGET = 12.1;
				MTL_ENABLE_DEBUG_INFO = INCLUDE_SOURCE;
				MTL_FAST_MATH = YES;
				ONLY_ACTIVE_ARCH = YES;
				SDKROOT = iphoneos;
				SWIFT_ACTIVE_COMPILATION_CONDITIONS = DEBUG;
				SWIFT_OPTIMIZATION_LEVEL = "-Onone";
			};
			name = Debug;
		};
		840A811C223DAF83000EA451 /* Release */ = {
			isa = XCBuildConfiguration;
			buildSettings = {
				ALWAYS_SEARCH_USER_PATHS = NO;
				CLANG_ANALYZER_NONNULL = YES;
				CLANG_ANALYZER_NUMBER_OBJECT_CONVERSION = YES_AGGRESSIVE;
				CLANG_CXX_LANGUAGE_STANDARD = "gnu++14";
				CLANG_CXX_LIBRARY = "libc++";
				CLANG_ENABLE_MODULES = YES;
				CLANG_ENABLE_OBJC_ARC = YES;
				CLANG_ENABLE_OBJC_WEAK = YES;
				CLANG_WARN_BLOCK_CAPTURE_AUTORELEASING = YES;
				CLANG_WARN_BOOL_CONVERSION = YES;
				CLANG_WARN_COMMA = YES;
				CLANG_WARN_CONSTANT_CONVERSION = YES;
				CLANG_WARN_DEPRECATED_OBJC_IMPLEMENTATIONS = YES;
				CLANG_WARN_DIRECT_OBJC_ISA_USAGE = YES_ERROR;
				CLANG_WARN_DOCUMENTATION_COMMENTS = YES;
				CLANG_WARN_EMPTY_BODY = YES;
				CLANG_WARN_ENUM_CONVERSION = YES;
				CLANG_WARN_INFINITE_RECURSION = YES;
				CLANG_WARN_INT_CONVERSION = YES;
				CLANG_WARN_NON_LITERAL_NULL_CONVERSION = YES;
				CLANG_WARN_OBJC_IMPLICIT_RETAIN_SELF = YES;
				CLANG_WARN_OBJC_LITERAL_CONVERSION = YES;
				CLANG_WARN_OBJC_ROOT_CLASS = YES_ERROR;
				CLANG_WARN_RANGE_LOOP_ANALYSIS = YES;
				CLANG_WARN_STRICT_PROTOTYPES = YES;
				CLANG_WARN_SUSPICIOUS_MOVE = YES;
				CLANG_WARN_UNGUARDED_AVAILABILITY = YES_AGGRESSIVE;
				CLANG_WARN_UNREACHABLE_CODE = YES;
				CLANG_WARN__DUPLICATE_METHOD_MATCH = YES;
				CODE_SIGN_IDENTITY = "iPhone Developer";
				COPY_PHASE_STRIP = NO;
				DEBUG_INFORMATION_FORMAT = "dwarf-with-dsym";
				ENABLE_BITCODE = NO;
				ENABLE_NS_ASSERTIONS = NO;
				ENABLE_STRICT_OBJC_MSGSEND = YES;
				GCC_C_LANGUAGE_STANDARD = gnu11;
				GCC_NO_COMMON_BLOCKS = YES;
				GCC_WARN_64_TO_32_BIT_CONVERSION = YES;
				GCC_WARN_ABOUT_RETURN_TYPE = YES_ERROR;
				GCC_WARN_UNDECLARED_SELECTOR = YES;
				GCC_WARN_UNINITIALIZED_AUTOS = YES_AGGRESSIVE;
				GCC_WARN_UNUSED_FUNCTION = YES;
				GCC_WARN_UNUSED_VARIABLE = YES;
				IPHONEOS_DEPLOYMENT_TARGET = 12.1;
				MTL_ENABLE_DEBUG_INFO = NO;
				MTL_FAST_MATH = YES;
				SDKROOT = iphoneos;
				SWIFT_COMPILATION_MODE = wholemodule;
				SWIFT_OPTIMIZATION_LEVEL = "-O";
				VALIDATE_PRODUCT = YES;
			};
			name = Release;
		};
		840A811E223DAF83000EA451 /* Debug */ = {
			isa = XCBuildConfiguration;
			baseConfigurationReference = C881FDBA7171D98BFC378C59 /* Pods-Pass.debug.xcconfig */;
			buildSettings = {
				ALWAYS_EMBED_SWIFT_STANDARD_LIBRARIES = YES;
				ASSETCATALOG_COMPILER_APPICON_NAME = AppIcon;
				CODE_SIGN_ENTITLEMENTS = Pass/Pass.entitlements;
				CODE_SIGN_STYLE = Automatic;
				DEVELOPMENT_TEAM = TBHHC6VWZD;
				FRAMEWORK_SEARCH_PATHS = (
					"$(inherited)",
					"$(PROJECT_DIR)/Pass",
				);
				INFOPLIST_FILE = Pass/Info.plist;
				IPHONEOS_DEPLOYMENT_TARGET = 11.0;
				LD_RUNPATH_SEARCH_PATHS = (
					"$(inherited)",
					"@executable_path/Frameworks",
				);
				PRODUCT_BUNDLE_IDENTIFIER = "com.joeyDevelops.Gym-Pass";
				PRODUCT_NAME = "$(TARGET_NAME)";
				SWIFT_VERSION = 4.2;
				TARGETED_DEVICE_FAMILY = 1;
			};
			name = Debug;
		};
		840A811F223DAF83000EA451 /* Release */ = {
			isa = XCBuildConfiguration;
			baseConfigurationReference = 4BF92263E7DAA1F9456AC7B8 /* Pods-Pass.release.xcconfig */;
			buildSettings = {
				ALWAYS_EMBED_SWIFT_STANDARD_LIBRARIES = YES;
				ASSETCATALOG_COMPILER_APPICON_NAME = AppIcon;
				CODE_SIGN_ENTITLEMENTS = Pass/Pass.entitlements;
				CODE_SIGN_STYLE = Automatic;
				DEVELOPMENT_TEAM = TBHHC6VWZD;
				FRAMEWORK_SEARCH_PATHS = (
					"$(inherited)",
					"$(PROJECT_DIR)/Pass",
				);
				INFOPLIST_FILE = Pass/Info.plist;
				IPHONEOS_DEPLOYMENT_TARGET = 11.0;
				LD_RUNPATH_SEARCH_PATHS = (
					"$(inherited)",
					"@executable_path/Frameworks",
				);
				PRODUCT_BUNDLE_IDENTIFIER = "com.joeyDevelops.Gym-Pass";
				PRODUCT_NAME = "$(TARGET_NAME)";
				SWIFT_VERSION = 4.2;
				TARGETED_DEVICE_FAMILY = 1;
			};
			name = Release;
		};
		840A8121223DAF83000EA451 /* Debug */ = {
			isa = XCBuildConfiguration;
			baseConfigurationReference = 892A8A0D3D58F582EF5785E7 /* Pods-PassTests.debug.xcconfig */;
			buildSettings = {
				ALWAYS_EMBED_SWIFT_STANDARD_LIBRARIES = YES;
				BUNDLE_LOADER = "$(TEST_HOST)";
				CODE_SIGN_STYLE = Automatic;
				DEVELOPMENT_TEAM = TBHHC6VWZD;
				INFOPLIST_FILE = PassTests/Info.plist;
				LD_RUNPATH_SEARCH_PATHS = (
					"$(inherited)",
					"@executable_path/Frameworks",
					"@loader_path/Frameworks",
				);
				PRODUCT_BUNDLE_IDENTIFIER = com.joeyisthebest.PassTests;
				PRODUCT_NAME = "$(TARGET_NAME)";
				SWIFT_VERSION = 4.2;
				TARGETED_DEVICE_FAMILY = "1,2";
				TEST_HOST = "$(BUILT_PRODUCTS_DIR)/Pass.app/Pass";
			};
			name = Debug;
		};
		840A8122223DAF83000EA451 /* Release */ = {
			isa = XCBuildConfiguration;
			baseConfigurationReference = 03EAF52351DDB8C15F266F3C /* Pods-PassTests.release.xcconfig */;
			buildSettings = {
				ALWAYS_EMBED_SWIFT_STANDARD_LIBRARIES = YES;
				BUNDLE_LOADER = "$(TEST_HOST)";
				CODE_SIGN_STYLE = Automatic;
				DEVELOPMENT_TEAM = TBHHC6VWZD;
				INFOPLIST_FILE = PassTests/Info.plist;
				LD_RUNPATH_SEARCH_PATHS = (
					"$(inherited)",
					"@executable_path/Frameworks",
					"@loader_path/Frameworks",
				);
				PRODUCT_BUNDLE_IDENTIFIER = com.joeyisthebest.PassTests;
				PRODUCT_NAME = "$(TARGET_NAME)";
				SWIFT_VERSION = 4.2;
				TARGETED_DEVICE_FAMILY = "1,2";
				TEST_HOST = "$(BUILT_PRODUCTS_DIR)/Pass.app/Pass";
			};
			name = Release;
		};
		840A8124223DAF83000EA451 /* Debug */ = {
			isa = XCBuildConfiguration;
			baseConfigurationReference = 7808DA4E26879C52FA4980D2 /* Pods-PassUITests.debug.xcconfig */;
			buildSettings = {
				ALWAYS_EMBED_SWIFT_STANDARD_LIBRARIES = YES;
				CODE_SIGN_STYLE = Automatic;
				DEVELOPMENT_TEAM = TBHHC6VWZD;
				INFOPLIST_FILE = PassUITests/Info.plist;
				LD_RUNPATH_SEARCH_PATHS = (
					"$(inherited)",
					"@executable_path/Frameworks",
					"@loader_path/Frameworks",
				);
				PRODUCT_BUNDLE_IDENTIFIER = com.joeyisthebest.PassUITests;
				PRODUCT_NAME = "$(TARGET_NAME)";
				SWIFT_VERSION = 4.2;
				TARGETED_DEVICE_FAMILY = "1,2";
				TEST_TARGET_NAME = Pass;
			};
			name = Debug;
		};
		840A8125223DAF83000EA451 /* Release */ = {
			isa = XCBuildConfiguration;
			baseConfigurationReference = 1A554EE6782B0002051A9278 /* Pods-PassUITests.release.xcconfig */;
			buildSettings = {
				ALWAYS_EMBED_SWIFT_STANDARD_LIBRARIES = YES;
				CODE_SIGN_STYLE = Automatic;
				DEVELOPMENT_TEAM = TBHHC6VWZD;
				INFOPLIST_FILE = PassUITests/Info.plist;
				LD_RUNPATH_SEARCH_PATHS = (
					"$(inherited)",
					"@executable_path/Frameworks",
					"@loader_path/Frameworks",
				);
				PRODUCT_BUNDLE_IDENTIFIER = com.joeyisthebest.PassUITests;
				PRODUCT_NAME = "$(TARGET_NAME)";
				SWIFT_VERSION = 4.2;
				TARGETED_DEVICE_FAMILY = "1,2";
				TEST_TARGET_NAME = Pass;
			};
			name = Release;
		};
		843D1EAF226BFC9E00B126EA /* Debug */ = {
			isa = XCBuildConfiguration;
			buildSettings = {
				CODE_SIGN_ENTITLEMENTS = "Favorite Pass/Favorite Pass.entitlements";
				CODE_SIGN_STYLE = Automatic;
				DEVELOPMENT_TEAM = TBHHC6VWZD;
				INFOPLIST_FILE = "Favorite Pass/Info.plist";
				IPHONEOS_DEPLOYMENT_TARGET = 12.2;
				LD_RUNPATH_SEARCH_PATHS = (
					"$(inherited)",
					"@executable_path/Frameworks",
					"@executable_path/../../Frameworks",
				);
				PRODUCT_BUNDLE_IDENTIFIER = "com.joeyDevelops.Gym-Pass.Favorite-Pass";
				PRODUCT_NAME = "$(TARGET_NAME)";
				SKIP_INSTALL = YES;
				SWIFT_VERSION = 5.0;
				TARGETED_DEVICE_FAMILY = "1,2";
			};
			name = Debug;
		};
		843D1EB0226BFC9E00B126EA /* Release */ = {
			isa = XCBuildConfiguration;
			buildSettings = {
				CODE_SIGN_ENTITLEMENTS = "Favorite Pass/Favorite Pass.entitlements";
				CODE_SIGN_STYLE = Automatic;
				DEVELOPMENT_TEAM = TBHHC6VWZD;
				INFOPLIST_FILE = "Favorite Pass/Info.plist";
				IPHONEOS_DEPLOYMENT_TARGET = 12.2;
				LD_RUNPATH_SEARCH_PATHS = (
					"$(inherited)",
					"@executable_path/Frameworks",
					"@executable_path/../../Frameworks",
				);
				PRODUCT_BUNDLE_IDENTIFIER = "com.joeyDevelops.Gym-Pass.Favorite-Pass";
				PRODUCT_NAME = "$(TARGET_NAME)";
				SKIP_INSTALL = YES;
				SWIFT_VERSION = 5.0;
				TARGETED_DEVICE_FAMILY = "1,2";
			};
			name = Release;
		};
		84B6F11A226D1473009AC8F7 /* Debug */ = {
			isa = XCBuildConfiguration;
			buildSettings = {
				ALWAYS_EMBED_SWIFT_STANDARD_LIBRARIES = YES;
				ASSETCATALOG_COMPILER_APPICON_NAME = AppIcon;
				CODE_SIGN_STYLE = Automatic;
				DEVELOPMENT_TEAM = TBHHC6VWZD;
				ENABLE_BITCODE = YES;
				IBSC_MODULE = Watch_Pass_Extension;
				INFOPLIST_FILE = "Watch Pass/Info.plist";
				PRODUCT_BUNDLE_IDENTIFIER = "com.joeyDevelops.Gym-Pass.watchkitapp";
				PRODUCT_NAME = "$(TARGET_NAME)";
				SDKROOT = watchos;
				SKIP_INSTALL = YES;
				SWIFT_VERSION = 5.0;
				TARGETED_DEVICE_FAMILY = 4;
				WATCHOS_DEPLOYMENT_TARGET = 5.2;
			};
			name = Debug;
		};
		84B6F11B226D1473009AC8F7 /* Release */ = {
			isa = XCBuildConfiguration;
			buildSettings = {
				ALWAYS_EMBED_SWIFT_STANDARD_LIBRARIES = YES;
				ASSETCATALOG_COMPILER_APPICON_NAME = AppIcon;
				CODE_SIGN_STYLE = Automatic;
				DEVELOPMENT_TEAM = TBHHC6VWZD;
				ENABLE_BITCODE = YES;
				IBSC_MODULE = Watch_Pass_Extension;
				INFOPLIST_FILE = "Watch Pass/Info.plist";
				PRODUCT_BUNDLE_IDENTIFIER = "com.joeyDevelops.Gym-Pass.watchkitapp";
				PRODUCT_NAME = "$(TARGET_NAME)";
				SDKROOT = watchos;
				SKIP_INSTALL = YES;
				SWIFT_VERSION = 5.0;
				TARGETED_DEVICE_FAMILY = 4;
				WATCHOS_DEPLOYMENT_TARGET = 5.2;
			};
			name = Release;
		};
		84B6F11C226D1473009AC8F7 /* Debug */ = {
			isa = XCBuildConfiguration;
			buildSettings = {
				ASSETCATALOG_COMPILER_COMPLICATION_NAME = Complication;
				CODE_SIGN_STYLE = Automatic;
				DEVELOPMENT_TEAM = TBHHC6VWZD;
				ENABLE_BITCODE = YES;
				INFOPLIST_FILE = "Watch Pass Extension/Info.plist";
				LD_RUNPATH_SEARCH_PATHS = (
					"$(inherited)",
					"@executable_path/Frameworks",
					"@executable_path/../../Frameworks",
				);
				PRODUCT_BUNDLE_IDENTIFIER = "com.joeyDevelops.Gym-Pass.watchkitapp.watchkitextension";
				PRODUCT_NAME = "${TARGET_NAME}";
				SDKROOT = watchos;
				SKIP_INSTALL = YES;
				SWIFT_VERSION = 5.0;
				TARGETED_DEVICE_FAMILY = 4;
				WATCHOS_DEPLOYMENT_TARGET = 5.2;
			};
			name = Debug;
		};
		84B6F11D226D1473009AC8F7 /* Release */ = {
			isa = XCBuildConfiguration;
			buildSettings = {
				ASSETCATALOG_COMPILER_COMPLICATION_NAME = Complication;
				CODE_SIGN_STYLE = Automatic;
				DEVELOPMENT_TEAM = TBHHC6VWZD;
				ENABLE_BITCODE = YES;
				INFOPLIST_FILE = "Watch Pass Extension/Info.plist";
				LD_RUNPATH_SEARCH_PATHS = (
					"$(inherited)",
					"@executable_path/Frameworks",
					"@executable_path/../../Frameworks",
				);
				PRODUCT_BUNDLE_IDENTIFIER = "com.joeyDevelops.Gym-Pass.watchkitapp.watchkitextension";
				PRODUCT_NAME = "${TARGET_NAME}";
				SDKROOT = watchos;
				SKIP_INSTALL = YES;
				SWIFT_VERSION = 5.0;
				TARGETED_DEVICE_FAMILY = 4;
				WATCHOS_DEPLOYMENT_TARGET = 5.2;
			};
			name = Release;
		};
/* End XCBuildConfiguration section */

/* Begin XCConfigurationList section */
		840A80F0223DAF82000EA451 /* Build configuration list for PBXProject "Pass" */ = {
			isa = XCConfigurationList;
			buildConfigurations = (
				840A811B223DAF83000EA451 /* Debug */,
				840A811C223DAF83000EA451 /* Release */,
			);
			defaultConfigurationIsVisible = 0;
			defaultConfigurationName = Release;
		};
		840A811D223DAF83000EA451 /* Build configuration list for PBXNativeTarget "Pass" */ = {
			isa = XCConfigurationList;
			buildConfigurations = (
				840A811E223DAF83000EA451 /* Debug */,
				840A811F223DAF83000EA451 /* Release */,
			);
			defaultConfigurationIsVisible = 0;
			defaultConfigurationName = Release;
		};
		840A8120223DAF83000EA451 /* Build configuration list for PBXNativeTarget "PassTests" */ = {
			isa = XCConfigurationList;
			buildConfigurations = (
				840A8121223DAF83000EA451 /* Debug */,
				840A8122223DAF83000EA451 /* Release */,
			);
			defaultConfigurationIsVisible = 0;
			defaultConfigurationName = Release;
		};
		840A8123223DAF83000EA451 /* Build configuration list for PBXNativeTarget "PassUITests" */ = {
			isa = XCConfigurationList;
			buildConfigurations = (
				840A8124223DAF83000EA451 /* Debug */,
				840A8125223DAF83000EA451 /* Release */,
			);
			defaultConfigurationIsVisible = 0;
			defaultConfigurationName = Release;
		};
		843D1EB1226BFC9E00B126EA /* Build configuration list for PBXNativeTarget "Favorite Pass" */ = {
			isa = XCConfigurationList;
			buildConfigurations = (
				843D1EAF226BFC9E00B126EA /* Debug */,
				843D1EB0226BFC9E00B126EA /* Release */,
			);
			defaultConfigurationIsVisible = 0;
			defaultConfigurationName = Release;
		};
		84B6F11E226D1473009AC8F7 /* Build configuration list for PBXNativeTarget "Watch Pass Extension" */ = {
			isa = XCConfigurationList;
			buildConfigurations = (
				84B6F11C226D1473009AC8F7 /* Debug */,
				84B6F11D226D1473009AC8F7 /* Release */,
			);
			defaultConfigurationIsVisible = 0;
			defaultConfigurationName = Release;
		};
		84B6F120226D1473009AC8F7 /* Build configuration list for PBXNativeTarget "Watch Pass" */ = {
			isa = XCConfigurationList;
			buildConfigurations = (
				84B6F11A226D1473009AC8F7 /* Debug */,
				84B6F11B226D1473009AC8F7 /* Release */,
			);
			defaultConfigurationIsVisible = 0;
			defaultConfigurationName = Release;
		};
/* End XCConfigurationList section */
	};
	rootObject = 840A80ED223DAF82000EA451 /* Project object */;
}
